
Microsoft Visual Studio Solution File, Format Version 12.00
# Visual Studio Version 16
VisualStudioVersion = 16.0.30804.86
MinimumVisualStudioVersion = 10.0.40219.1
Project("{FAE04EC0-301F-11D3-BF4B-00C04F79EFBC}") = "MyList", "MyList\MyList.csproj", "{82B9ABB8-46F9-4F74-B539-B6C6D63C874A}"
EndProject
Global
	GlobalSection(SolutionConfigurationPlatforms) = preSolution
		Debug|Any CPU = Debug|Any CPU
		Release|Any CPU = Release|Any CPU
	EndGlobalSection
	GlobalSection(ProjectConfigurationPlatforms) = postSolution
		{82B9ABB8-46F9-4F74-B539-B6C6D63C874A}.Debug|Any CPU.ActiveCfg = Debug|Any CPU
		{82B9ABB8-46F9-4F74-B539-B6C6D63C874A}.Debug|Any CPU.Build.0 = Debug|Any CPU
		{82B9ABB8-46F9-4F74-B539-B6C6D63C874A}.Release|Any CPU.ActiveCfg = Release|Any CPU
		{82B9ABB8-46F9-4F74-B539-B6C6D63C874A}.Release|Any CPU.Build.0 = Release|Any CPU
	EndGlobalSection
	GlobalSection(SolutionProperties) = preSolution
		HideSolutionNode = FALSE
	EndGlobalSection
	GlobalSection(ExtensibilityGlobals) = postSolution
		SolutionGuid = {EC63DBE6-B788-4894-8BB1-AB6E61B85AE5}
	EndGlobalSection
EndGlobal
